// !$*UTF8*$!
{
	archiveVersion = 1;
	classes = {
	};
	objectVersion = 55;
	objects = {

/* Begin PBXBuildFile section */
		122D4BA1289D6F7B00BA627F /* sourcery.sh in Resources */ = {isa = PBXBuildFile; fileRef = 122D4B9F289D6F7B00BA627F /* sourcery.sh */; };
		122D4BA2289D6F7B00BA627F /* swiftgen.sh in Resources */ = {isa = PBXBuildFile; fileRef = 122D4BA0289D6F7B00BA627F /* swiftgen.sh */; };
		122D4BA6289D6F8700BA627F /* AutoInitializable.stencil in Resources */ = {isa = PBXBuildFile; fileRef = 122D4BA3289D6F8700BA627F /* AutoInitializable.stencil */; };
		122D4BA7289D6F8700BA627F /* AutoQueryTests.stencil in Resources */ = {isa = PBXBuildFile; fileRef = 122D4BA4289D6F8700BA627F /* AutoQueryTests.stencil */; };
		122D4BA8289D6F8700BA627F /* AutoBuilder.stencil in Resources */ = {isa = PBXBuildFile; fileRef = 122D4BA5289D6F8700BA627F /* AutoBuilder.stencil */; };
		125511A1289C590D0088B38B /* CDStackType.swift in Sources */ = {isa = PBXBuildFile; fileRef = 125511A0289C590D0088B38B /* CDStackType.swift */; };
		125511A3289C5A690088B38B /* CDAction.swift in Sources */ = {isa = PBXBuildFile; fileRef = 125511A2289C5A690088B38B /* CDAction.swift */; };
		1260ED61289D6D710008C9EE /* DefaultCDStack.swift in Sources */ = {isa = PBXBuildFile; fileRef = 1260ED60289D6D710008C9EE /* DefaultCDStack.swift */; };
		1260ED64289D6DBE0008C9EE /* FileManagerExt.swift in Sources */ = {isa = PBXBuildFile; fileRef = 1260ED63289D6DBE0008C9EE /* FileManagerExt.swift */; };
		1260ED68289D6E070008C9EE /* CDMigrationStep.swift in Sources */ = {isa = PBXBuildFile; fileRef = 1260ED67289D6E070008C9EE /* CDMigrationStep.swift */; };
		1260ED6A289D6E140008C9EE /* CDMigrationVersion.swift in Sources */ = {isa = PBXBuildFile; fileRef = 1260ED69289D6E140008C9EE /* CDMigrationVersion.swift */; };
		1260ED6C289D6E380008C9EE /* CDMigrator.swift in Sources */ = {isa = PBXBuildFile; fileRef = 1260ED6B289D6E380008C9EE /* CDMigrator.swift */; };
		1260ED72289D6EDA0008C9EE /* MarkterProtocols.swift in Sources */ = {isa = PBXBuildFile; fileRef = 1260ED71289D6EDA0008C9EE /* MarkterProtocols.swift */; };
		1260ED74289D6EE40008C9EE /* MarkerConformances.swift in Sources */ = {isa = PBXBuildFile; fileRef = 1260ED73289D6EE40008C9EE /* MarkerConformances.swift */; };
		12E06399289C541F007B09BE /* AppDelegate.swift in Sources */ = {isa = PBXBuildFile; fileRef = 12E06398289C541F007B09BE /* AppDelegate.swift */; };
		12E0639B289C541F007B09BE /* SceneDelegate.swift in Sources */ = {isa = PBXBuildFile; fileRef = 12E0639A289C541F007B09BE /* SceneDelegate.swift */; };
		12E063A3289C541F007B09BE /* TravelWeather.xcdatamodeld in Sources */ = {isa = PBXBuildFile; fileRef = 12E063A1289C541F007B09BE /* TravelWeather.xcdatamodeld */; };
		12E063A5289C5422007B09BE /* Assets.xcassets in Resources */ = {isa = PBXBuildFile; fileRef = 12E063A4289C5422007B09BE /* Assets.xcassets */; };
		12E063A8289C5422007B09BE /* LaunchScreen.storyboard in Resources */ = {isa = PBXBuildFile; fileRef = 12E063A6289C5422007B09BE /* LaunchScreen.storyboard */; };
		12E063B3289C5422007B09BE /* TravelWeatherTests.swift in Sources */ = {isa = PBXBuildFile; fileRef = 12E063B2289C5422007B09BE /* TravelWeatherTests.swift */; };
		12E063BD289C5422007B09BE /* TravelWeatherUITests.swift in Sources */ = {isa = PBXBuildFile; fileRef = 12E063BC289C5422007B09BE /* TravelWeatherUITests.swift */; };
		12E063BF289C5422007B09BE /* TravelWeatherUITestsLaunchTests.swift in Sources */ = {isa = PBXBuildFile; fileRef = 12E063BE289C5422007B09BE /* TravelWeatherUITestsLaunchTests.swift */; };
		12F134AD289D70E200363CF6 /* AutoInitializable.generated.swift in Sources */ = {isa = PBXBuildFile; fileRef = 12F134AB289D70E100363CF6 /* AutoInitializable.generated.swift */; };
		12F134B3289D723500363CF6 /* DependencyProtocols.swift in Sources */ = {isa = PBXBuildFile; fileRef = 12F134B2289D723500363CF6 /* DependencyProtocols.swift */; };
		12F134B6289D726B00363CF6 /* DefaultAppDependencies.swift in Sources */ = {isa = PBXBuildFile; fileRef = 12F134B5289D726B00363CF6 /* DefaultAppDependencies.swift */; };
		12F134BC289D795C00363CF6 /* CoordinatorType.swift in Sources */ = {isa = PBXBuildFile; fileRef = 12F134BB289D795C00363CF6 /* CoordinatorType.swift */; };
		12F134BE289D79C700363CF6 /* AppCoordinator.swift in Sources */ = {isa = PBXBuildFile; fileRef = 12F134BD289D79C700363CF6 /* AppCoordinator.swift */; };
		12F134C8289D816E00363CF6 /* LocationsListViewModel.swift in Sources */ = {isa = PBXBuildFile; fileRef = 12F134C7289D816E00363CF6 /* LocationsListViewModel.swift */; };
		12F134CC289D818000363CF6 /* LocationsListController.swift in Sources */ = {isa = PBXBuildFile; fileRef = 12F134CB289D818000363CF6 /* LocationsListController.swift */; };
		12F134CF289D824200363CF6 /* TripsStore.swift in Sources */ = {isa = PBXBuildFile; fileRef = 12F134CE289D824200363CF6 /* TripsStore.swift */; };
		12F134D2289D83A100363CF6 /* TripsStoreType.swift in Sources */ = {isa = PBXBuildFile; fileRef = 12F134D1289D83A100363CF6 /* TripsStoreType.swift */; };
		12F134D5289D83C800363CF6 /* Trip.swift in Sources */ = {isa = PBXBuildFile; fileRef = 12F134D4289D83C800363CF6 /* Trip.swift */; };
		12F134D7289D843200363CF6 /* VisitedPlace.swift in Sources */ = {isa = PBXBuildFile; fileRef = 12F134D6289D843100363CF6 /* VisitedPlace.swift */; };
		12F134D9289D846500363CF6 /* Location.swift in Sources */ = {isa = PBXBuildFile; fileRef = 12F134D8289D846500363CF6 /* Location.swift */; };
		12F134DB289D84CE00363CF6 /* Coordinate.swift in Sources */ = {isa = PBXBuildFile; fileRef = 12F134DA289D84CE00363CF6 /* Coordinate.swift */; };
		12F134E6289D896300363CF6 /* CDWeather+CoreDataClass.swift in Sources */ = {isa = PBXBuildFile; fileRef = 12F134DE289D896300363CF6 /* CDWeather+CoreDataClass.swift */; };
		12F134E7289D896300363CF6 /* CDWeather+CoreDataProperties.swift in Sources */ = {isa = PBXBuildFile; fileRef = 12F134DF289D896300363CF6 /* CDWeather+CoreDataProperties.swift */; };
		12F134E8289D896300363CF6 /* CDTrip+CoreDataClass.swift in Sources */ = {isa = PBXBuildFile; fileRef = 12F134E0289D896300363CF6 /* CDTrip+CoreDataClass.swift */; };
		12F134E9289D896300363CF6 /* CDTrip+CoreDataProperties.swift in Sources */ = {isa = PBXBuildFile; fileRef = 12F134E1289D896300363CF6 /* CDTrip+CoreDataProperties.swift */; };
		12F134EA289D896300363CF6 /* CDLocation+CoreDataClass.swift in Sources */ = {isa = PBXBuildFile; fileRef = 12F134E2289D896300363CF6 /* CDLocation+CoreDataClass.swift */; };
		12F134EB289D896300363CF6 /* CDLocation+CoreDataProperties.swift in Sources */ = {isa = PBXBuildFile; fileRef = 12F134E3289D896300363CF6 /* CDLocation+CoreDataProperties.swift */; };
		12F134EC289D896300363CF6 /* CDVisitedPlace+CoreDataClass.swift in Sources */ = {isa = PBXBuildFile; fileRef = 12F134E4289D896300363CF6 /* CDVisitedPlace+CoreDataClass.swift */; };
		12F134ED289D896300363CF6 /* CDVisitedPlace+CoreDataProperties.swift in Sources */ = {isa = PBXBuildFile; fileRef = 12F134E5289D896300363CF6 /* CDVisitedPlace+CoreDataProperties.swift */; };
		12F134F2289D89D200363CF6 /* TripsListViewModelType.swift in Sources */ = {isa = PBXBuildFile; fileRef = 12F134F1289D89D200363CF6 /* TripsListViewModelType.swift */; };
		12F134F4289D89E100363CF6 /* TripsListViewModel.swift in Sources */ = {isa = PBXBuildFile; fileRef = 12F134F3289D89E100363CF6 /* TripsListViewModel.swift */; };
		12F134F6289D8A1900363CF6 /* TripsListController.swift in Sources */ = {isa = PBXBuildFile; fileRef = 12F134F5289D8A1900363CF6 /* TripsListController.swift */; };
		12F134F9289D8B6600363CF6 /* CDObservable.swift in Sources */ = {isa = PBXBuildFile; fileRef = 12F134F8289D8B6600363CF6 /* CDObservable.swift */; };
		37CA7AF07F5B1B566E8EBB1C /* Pods_TravelWeatherTests.framework in Frameworks */ = {isa = PBXBuildFile; fileRef = FC59DB4A591DBCDD17CA51A9 /* Pods_TravelWeatherTests.framework */; };
		87DEA3960E60B66AB17FA273 /* Pods_TravelWeather.framework in Frameworks */ = {isa = PBXBuildFile; fileRef = 60CC2D7312A64B1EB9E83C62 /* Pods_TravelWeather.framework */; };
		C08AAB43B23257A9FC8F15C0 /* Pods_TravelWeather_TravelWeatherUITests.framework in Frameworks */ = {isa = PBXBuildFile; fileRef = 315F8EA95E9D7107A554B746 /* Pods_TravelWeather_TravelWeatherUITests.framework */; };
/* End PBXBuildFile section */

/* Begin PBXContainerItemProxy section */
		12E063AF289C5422007B09BE /* PBXContainerItemProxy */ = {
			isa = PBXContainerItemProxy;
			containerPortal = 12E0638D289C541F007B09BE /* Project object */;
			proxyType = 1;
			remoteGlobalIDString = 12E06394289C541F007B09BE;
			remoteInfo = TravelWeather;
		};
		12E063B9289C5422007B09BE /* PBXContainerItemProxy */ = {
			isa = PBXContainerItemProxy;
			containerPortal = 12E0638D289C541F007B09BE /* Project object */;
			proxyType = 1;
			remoteGlobalIDString = 12E06394289C541F007B09BE;
			remoteInfo = TravelWeather;
		};
/* End PBXContainerItemProxy section */

/* Begin PBXFileReference section */
		122D4B9F289D6F7B00BA627F /* sourcery.sh */ = {isa = PBXFileReference; fileEncoding = 4; lastKnownFileType = text.script.sh; path = sourcery.sh; sourceTree = "<group>"; };
		122D4BA0289D6F7B00BA627F /* swiftgen.sh */ = {isa = PBXFileReference; fileEncoding = 4; lastKnownFileType = text.script.sh; path = swiftgen.sh; sourceTree = "<group>"; };
		122D4BA3289D6F8700BA627F /* AutoInitializable.stencil */ = {isa = PBXFileReference; fileEncoding = 4; lastKnownFileType = text; path = AutoInitializable.stencil; sourceTree = "<group>"; };
		122D4BA4289D6F8700BA627F /* AutoQueryTests.stencil */ = {isa = PBXFileReference; fileEncoding = 4; lastKnownFileType = text; path = AutoQueryTests.stencil; sourceTree = "<group>"; };
		122D4BA5289D6F8700BA627F /* AutoBuilder.stencil */ = {isa = PBXFileReference; fileEncoding = 4; lastKnownFileType = text; path = AutoBuilder.stencil; sourceTree = "<group>"; };
		125511A0289C590D0088B38B /* CDStackType.swift */ = {isa = PBXFileReference; lastKnownFileType = sourcecode.swift; path = CDStackType.swift; sourceTree = "<group>"; };
		125511A2289C5A690088B38B /* CDAction.swift */ = {isa = PBXFileReference; lastKnownFileType = sourcecode.swift; path = CDAction.swift; sourceTree = "<group>"; };
		1260ED60289D6D710008C9EE /* DefaultCDStack.swift */ = {isa = PBXFileReference; lastKnownFileType = sourcecode.swift; path = DefaultCDStack.swift; sourceTree = "<group>"; };
		1260ED63289D6DBE0008C9EE /* FileManagerExt.swift */ = {isa = PBXFileReference; lastKnownFileType = sourcecode.swift; path = FileManagerExt.swift; sourceTree = "<group>"; };
		1260ED67289D6E070008C9EE /* CDMigrationStep.swift */ = {isa = PBXFileReference; lastKnownFileType = sourcecode.swift; path = CDMigrationStep.swift; sourceTree = "<group>"; };
		1260ED69289D6E140008C9EE /* CDMigrationVersion.swift */ = {isa = PBXFileReference; lastKnownFileType = sourcecode.swift; path = CDMigrationVersion.swift; sourceTree = "<group>"; };
		1260ED6B289D6E380008C9EE /* CDMigrator.swift */ = {isa = PBXFileReference; lastKnownFileType = sourcecode.swift; path = CDMigrator.swift; sourceTree = "<group>"; };
		1260ED71289D6EDA0008C9EE /* MarkterProtocols.swift */ = {isa = PBXFileReference; lastKnownFileType = sourcecode.swift; path = MarkterProtocols.swift; sourceTree = "<group>"; };
		1260ED73289D6EE40008C9EE /* MarkerConformances.swift */ = {isa = PBXFileReference; lastKnownFileType = sourcecode.swift; path = MarkerConformances.swift; sourceTree = "<group>"; };
		12E06395289C541F007B09BE /* TravelWeather.app */ = {isa = PBXFileReference; explicitFileType = wrapper.application; includeInIndex = 0; path = TravelWeather.app; sourceTree = BUILT_PRODUCTS_DIR; };
		12E06398289C541F007B09BE /* AppDelegate.swift */ = {isa = PBXFileReference; lastKnownFileType = sourcecode.swift; path = AppDelegate.swift; sourceTree = "<group>"; };
		12E0639A289C541F007B09BE /* SceneDelegate.swift */ = {isa = PBXFileReference; lastKnownFileType = sourcecode.swift; path = SceneDelegate.swift; sourceTree = "<group>"; };
		12E063A2289C541F007B09BE /* TravelWeather.xcdatamodel */ = {isa = PBXFileReference; lastKnownFileType = wrapper.xcdatamodel; path = TravelWeather.xcdatamodel; sourceTree = "<group>"; };
		12E063A4289C5422007B09BE /* Assets.xcassets */ = {isa = PBXFileReference; lastKnownFileType = folder.assetcatalog; path = Assets.xcassets; sourceTree = "<group>"; };
		12E063A7289C5422007B09BE /* Base */ = {isa = PBXFileReference; lastKnownFileType = file.storyboard; name = Base; path = Base.lproj/LaunchScreen.storyboard; sourceTree = "<group>"; };
		12E063A9289C5422007B09BE /* Info.plist */ = {isa = PBXFileReference; lastKnownFileType = text.plist.xml; path = Info.plist; sourceTree = "<group>"; };
		12E063AE289C5422007B09BE /* TravelWeatherTests.xctest */ = {isa = PBXFileReference; explicitFileType = wrapper.cfbundle; includeInIndex = 0; path = TravelWeatherTests.xctest; sourceTree = BUILT_PRODUCTS_DIR; };
		12E063B2289C5422007B09BE /* TravelWeatherTests.swift */ = {isa = PBXFileReference; lastKnownFileType = sourcecode.swift; path = TravelWeatherTests.swift; sourceTree = "<group>"; };
		12E063B8289C5422007B09BE /* TravelWeatherUITests.xctest */ = {isa = PBXFileReference; explicitFileType = wrapper.cfbundle; includeInIndex = 0; path = TravelWeatherUITests.xctest; sourceTree = BUILT_PRODUCTS_DIR; };
		12E063BC289C5422007B09BE /* TravelWeatherUITests.swift */ = {isa = PBXFileReference; lastKnownFileType = sourcecode.swift; path = TravelWeatherUITests.swift; sourceTree = "<group>"; };
		12E063BE289C5422007B09BE /* TravelWeatherUITestsLaunchTests.swift */ = {isa = PBXFileReference; lastKnownFileType = sourcecode.swift; path = TravelWeatherUITestsLaunchTests.swift; sourceTree = "<group>"; };
		12F134AB289D70E100363CF6 /* AutoInitializable.generated.swift */ = {isa = PBXFileReference; fileEncoding = 4; lastKnownFileType = sourcecode.swift; path = AutoInitializable.generated.swift; sourceTree = "<group>"; };
		12F134AC289D70E200363CF6 /* AutoQueryTests.generated.swift */ = {isa = PBXFileReference; fileEncoding = 4; lastKnownFileType = sourcecode.swift; path = AutoQueryTests.generated.swift; sourceTree = "<group>"; };
		12F134B2289D723500363CF6 /* DependencyProtocols.swift */ = {isa = PBXFileReference; lastKnownFileType = sourcecode.swift; path = DependencyProtocols.swift; sourceTree = "<group>"; };
		12F134B5289D726B00363CF6 /* DefaultAppDependencies.swift */ = {isa = PBXFileReference; lastKnownFileType = sourcecode.swift; path = DefaultAppDependencies.swift; sourceTree = "<group>"; };
		12F134B7289D727500363CF6 /* TestDependencies.swift */ = {isa = PBXFileReference; lastKnownFileType = sourcecode.swift; path = TestDependencies.swift; sourceTree = "<group>"; };
		12F134BB289D795C00363CF6 /* CoordinatorType.swift */ = {isa = PBXFileReference; lastKnownFileType = sourcecode.swift; path = CoordinatorType.swift; sourceTree = "<group>"; };
		12F134BD289D79C700363CF6 /* AppCoordinator.swift */ = {isa = PBXFileReference; lastKnownFileType = sourcecode.swift; path = AppCoordinator.swift; sourceTree = "<group>"; };
		12F134C7289D816E00363CF6 /* LocationsListViewModel.swift */ = {isa = PBXFileReference; lastKnownFileType = sourcecode.swift; path = LocationsListViewModel.swift; sourceTree = "<group>"; };
		12F134CB289D818000363CF6 /* LocationsListController.swift */ = {isa = PBXFileReference; lastKnownFileType = sourcecode.swift; path = LocationsListController.swift; sourceTree = "<group>"; };
		12F134CE289D824200363CF6 /* TripsStore.swift */ = {isa = PBXFileReference; lastKnownFileType = sourcecode.swift; path = TripsStore.swift; sourceTree = "<group>"; };
		12F134D1289D83A100363CF6 /* TripsStoreType.swift */ = {isa = PBXFileReference; lastKnownFileType = sourcecode.swift; path = TripsStoreType.swift; sourceTree = "<group>"; };
		12F134D4289D83C800363CF6 /* Trip.swift */ = {isa = PBXFileReference; lastKnownFileType = sourcecode.swift; path = Trip.swift; sourceTree = "<group>"; };
		12F134D6289D843100363CF6 /* VisitedPlace.swift */ = {isa = PBXFileReference; lastKnownFileType = sourcecode.swift; path = VisitedPlace.swift; sourceTree = "<group>"; };
		12F134D8289D846500363CF6 /* Location.swift */ = {isa = PBXFileReference; lastKnownFileType = sourcecode.swift; path = Location.swift; sourceTree = "<group>"; };
		12F134DA289D84CE00363CF6 /* Coordinate.swift */ = {isa = PBXFileReference; lastKnownFileType = sourcecode.swift; path = Coordinate.swift; sourceTree = "<group>"; };
		12F134DE289D896300363CF6 /* CDWeather+CoreDataClass.swift */ = {isa = PBXFileReference; lastKnownFileType = sourcecode.swift; path = "CDWeather+CoreDataClass.swift"; sourceTree = "<group>"; };
		12F134DF289D896300363CF6 /* CDWeather+CoreDataProperties.swift */ = {isa = PBXFileReference; lastKnownFileType = sourcecode.swift; path = "CDWeather+CoreDataProperties.swift"; sourceTree = "<group>"; };
		12F134E0289D896300363CF6 /* CDTrip+CoreDataClass.swift */ = {isa = PBXFileReference; lastKnownFileType = sourcecode.swift; path = "CDTrip+CoreDataClass.swift"; sourceTree = "<group>"; };
		12F134E1289D896300363CF6 /* CDTrip+CoreDataProperties.swift */ = {isa = PBXFileReference; lastKnownFileType = sourcecode.swift; path = "CDTrip+CoreDataProperties.swift"; sourceTree = "<group>"; };
		12F134E2289D896300363CF6 /* CDLocation+CoreDataClass.swift */ = {isa = PBXFileReference; lastKnownFileType = sourcecode.swift; path = "CDLocation+CoreDataClass.swift"; sourceTree = "<group>"; };
		12F134E3289D896300363CF6 /* CDLocation+CoreDataProperties.swift */ = {isa = PBXFileReference; lastKnownFileType = sourcecode.swift; path = "CDLocation+CoreDataProperties.swift"; sourceTree = "<group>"; };
		12F134E4289D896300363CF6 /* CDVisitedPlace+CoreDataClass.swift */ = {isa = PBXFileReference; lastKnownFileType = sourcecode.swift; path = "CDVisitedPlace+CoreDataClass.swift"; sourceTree = "<group>"; };
		12F134E5289D896300363CF6 /* CDVisitedPlace+CoreDataProperties.swift */ = {isa = PBXFileReference; lastKnownFileType = sourcecode.swift; path = "CDVisitedPlace+CoreDataProperties.swift"; sourceTree = "<group>"; };
		12F134F1289D89D200363CF6 /* TripsListViewModelType.swift */ = {isa = PBXFileReference; lastKnownFileType = sourcecode.swift; path = TripsListViewModelType.swift; sourceTree = "<group>"; };
		12F134F3289D89E100363CF6 /* TripsListViewModel.swift */ = {isa = PBXFileReference; lastKnownFileType = sourcecode.swift; path = TripsListViewModel.swift; sourceTree = "<group>"; };
		12F134F5289D8A1900363CF6 /* TripsListController.swift */ = {isa = PBXFileReference; lastKnownFileType = sourcecode.swift; path = TripsListController.swift; sourceTree = "<group>"; };
		12F134F8289D8B6600363CF6 /* CDObservable.swift */ = {isa = PBXFileReference; lastKnownFileType = sourcecode.swift; path = CDObservable.swift; sourceTree = "<group>"; };
		315F8EA95E9D7107A554B746 /* Pods_TravelWeather_TravelWeatherUITests.framework */ = {isa = PBXFileReference; explicitFileType = wrapper.framework; includeInIndex = 0; path = Pods_TravelWeather_TravelWeatherUITests.framework; sourceTree = BUILT_PRODUCTS_DIR; };
		459FD75C035C2DF8060F39B2 /* Pods-TravelWeather-TravelWeatherUITests.release.xcconfig */ = {isa = PBXFileReference; includeInIndex = 1; lastKnownFileType = text.xcconfig; name = "Pods-TravelWeather-TravelWeatherUITests.release.xcconfig"; path = "Target Support Files/Pods-TravelWeather-TravelWeatherUITests/Pods-TravelWeather-TravelWeatherUITests.release.xcconfig"; sourceTree = "<group>"; };
		4AD2BEA456E38C87CDEF158A /* Pods-TravelWeatherTests.debug.xcconfig */ = {isa = PBXFileReference; includeInIndex = 1; lastKnownFileType = text.xcconfig; name = "Pods-TravelWeatherTests.debug.xcconfig"; path = "Target Support Files/Pods-TravelWeatherTests/Pods-TravelWeatherTests.debug.xcconfig"; sourceTree = "<group>"; };
		60CC2D7312A64B1EB9E83C62 /* Pods_TravelWeather.framework */ = {isa = PBXFileReference; explicitFileType = wrapper.framework; includeInIndex = 0; path = Pods_TravelWeather.framework; sourceTree = BUILT_PRODUCTS_DIR; };
		7883F8DC37E86DE18DB49508 /* Pods-TravelWeatherTests.release.xcconfig */ = {isa = PBXFileReference; includeInIndex = 1; lastKnownFileType = text.xcconfig; name = "Pods-TravelWeatherTests.release.xcconfig"; path = "Target Support Files/Pods-TravelWeatherTests/Pods-TravelWeatherTests.release.xcconfig"; sourceTree = "<group>"; };
		C3362ABF494267ACA3BB3CBC /* Pods-TravelWeather.debug.xcconfig */ = {isa = PBXFileReference; includeInIndex = 1; lastKnownFileType = text.xcconfig; name = "Pods-TravelWeather.debug.xcconfig"; path = "Target Support Files/Pods-TravelWeather/Pods-TravelWeather.debug.xcconfig"; sourceTree = "<group>"; };
		C58011BB187E34E966F39A3C /* Pods-TravelWeather-TravelWeatherUITests.debug.xcconfig */ = {isa = PBXFileReference; includeInIndex = 1; lastKnownFileType = text.xcconfig; name = "Pods-TravelWeather-TravelWeatherUITests.debug.xcconfig"; path = "Target Support Files/Pods-TravelWeather-TravelWeatherUITests/Pods-TravelWeather-TravelWeatherUITests.debug.xcconfig"; sourceTree = "<group>"; };
		E6FED7DEB7877A3CA4957B1F /* Pods-TravelWeather.release.xcconfig */ = {isa = PBXFileReference; includeInIndex = 1; lastKnownFileType = text.xcconfig; name = "Pods-TravelWeather.release.xcconfig"; path = "Target Support Files/Pods-TravelWeather/Pods-TravelWeather.release.xcconfig"; sourceTree = "<group>"; };
		FC59DB4A591DBCDD17CA51A9 /* Pods_TravelWeatherTests.framework */ = {isa = PBXFileReference; explicitFileType = wrapper.framework; includeInIndex = 0; path = Pods_TravelWeatherTests.framework; sourceTree = BUILT_PRODUCTS_DIR; };
/* End PBXFileReference section */

/* Begin PBXFrameworksBuildPhase section */
		12E06392289C541F007B09BE /* Frameworks */ = {
			isa = PBXFrameworksBuildPhase;
			buildActionMask = 2147483647;
			files = (
				87DEA3960E60B66AB17FA273 /* Pods_TravelWeather.framework in Frameworks */,
			);
			runOnlyForDeploymentPostprocessing = 0;
		};
		12E063AB289C5422007B09BE /* Frameworks */ = {
			isa = PBXFrameworksBuildPhase;
			buildActionMask = 2147483647;
			files = (
				37CA7AF07F5B1B566E8EBB1C /* Pods_TravelWeatherTests.framework in Frameworks */,
			);
			runOnlyForDeploymentPostprocessing = 0;
		};
		12E063B5289C5422007B09BE /* Frameworks */ = {
			isa = PBXFrameworksBuildPhase;
			buildActionMask = 2147483647;
			files = (
				C08AAB43B23257A9FC8F15C0 /* Pods_TravelWeather_TravelWeatherUITests.framework in Frameworks */,
			);
			runOnlyForDeploymentPostprocessing = 0;
		};
/* End PBXFrameworksBuildPhase section */

/* Begin PBXGroup section */
		1255119C289C58D10088B38B /* Application */ = {
			isa = PBXGroup;
			children = (
				12E06398289C541F007B09BE /* AppDelegate.swift */,
				12E0639A289C541F007B09BE /* SceneDelegate.swift */,
				1255119F289C58F90088B38B /* CoreData */,
				12F134F7289D8B2900363CF6 /* RxSwift */,
				12F134B0289D721F00363CF6 /* Dependencies */,
				12F134D3289D83BA00363CF6 /* Models */,
				1255119E289C58E50088B38B /* Stores */,
				1260ED62289D6DAE0008C9EE /* Extensions */,
			);
			path = Application;
			sourceTree = "<group>";
		};
		1255119D289C58DE0088B38B /* Modules */ = {
			isa = PBXGroup;
			children = (
				12F134EE289D89A700363CF6 /* TripsList */,
				12F134C6289D815D00363CF6 /* LocationsList */,
			);
			path = Modules;
			sourceTree = "<group>";
		};
		1255119E289C58E50088B38B /* Stores */ = {
			isa = PBXGroup;
			children = (
				12F134CD289D823900363CF6 /* TripsStore */,
			);
			path = Stores;
			sourceTree = "<group>";
		};
		1255119F289C58F90088B38B /* CoreData */ = {
			isa = PBXGroup;
			children = (
				12E063A1289C541F007B09BE /* TravelWeather.xcdatamodeld */,
				125511A0289C590D0088B38B /* CDStackType.swift */,
				1260ED60289D6D710008C9EE /* DefaultCDStack.swift */,
				1260ED66289D6DEB0008C9EE /* Migrations */,
				1260ED65289D6DE40008C9EE /* Actions */,
				12F134DC289D855900363CF6 /* NSManagedObjects */,
				12F134DD289D856A00363CF6 /* Extensions */,
			);
			path = CoreData;
			sourceTree = "<group>";
		};
		1260ED62289D6DAE0008C9EE /* Extensions */ = {
			isa = PBXGroup;
			children = (
				1260ED63289D6DBE0008C9EE /* FileManagerExt.swift */,
			);
			path = Extensions;
			sourceTree = "<group>";
		};
		1260ED65289D6DE40008C9EE /* Actions */ = {
			isa = PBXGroup;
			children = (
				125511A2289C5A690088B38B /* CDAction.swift */,
			);
			path = Actions;
			sourceTree = "<group>";
		};
		1260ED66289D6DEB0008C9EE /* Migrations */ = {
			isa = PBXGroup;
			children = (
				1260ED67289D6E070008C9EE /* CDMigrationStep.swift */,
				1260ED69289D6E140008C9EE /* CDMigrationVersion.swift */,
				1260ED6B289D6E380008C9EE /* CDMigrator.swift */,
			);
			path = Migrations;
			sourceTree = "<group>";
		};
		1260ED6D289D6E9C0008C9EE /* CodeGeneration */ = {
			isa = PBXGroup;
			children = (
				1260ED71289D6EDA0008C9EE /* MarkterProtocols.swift */,
				1260ED73289D6EE40008C9EE /* MarkerConformances.swift */,
				1260ED6E289D6EB90008C9EE /* Scripts */,
				1260ED6F289D6EBD0008C9EE /* Templates */,
				1260ED70289D6EC40008C9EE /* Generated */,
			);
			path = CodeGeneration;
			sourceTree = "<group>";
		};
		1260ED6E289D6EB90008C9EE /* Scripts */ = {
			isa = PBXGroup;
			children = (
				122D4B9F289D6F7B00BA627F /* sourcery.sh */,
				122D4BA0289D6F7B00BA627F /* swiftgen.sh */,
			);
			path = Scripts;
			sourceTree = "<group>";
		};
		1260ED6F289D6EBD0008C9EE /* Templates */ = {
			isa = PBXGroup;
			children = (
				122D4BA5289D6F8700BA627F /* AutoBuilder.stencil */,
				122D4BA3289D6F8700BA627F /* AutoInitializable.stencil */,
				122D4BA4289D6F8700BA627F /* AutoQueryTests.stencil */,
			);
			path = Templates;
			sourceTree = "<group>";
		};
		1260ED70289D6EC40008C9EE /* Generated */ = {
			isa = PBXGroup;
			children = (
				12F134AB289D70E100363CF6 /* AutoInitializable.generated.swift */,
				12F134AC289D70E200363CF6 /* AutoQueryTests.generated.swift */,
			);
			path = Generated;
			sourceTree = "<group>";
		};
		12E0638C289C541F007B09BE = {
			isa = PBXGroup;
			children = (
				12E06397289C541F007B09BE /* TravelWeather */,
				12E063B1289C5422007B09BE /* TravelWeatherTests */,
				12E063BB289C5422007B09BE /* TravelWeatherUITests */,
				12E06396289C541F007B09BE /* Products */,
				AF7975E09BEB65C2A6D11ED3 /* Pods */,
				1405F96A8FCD85676501E1C7 /* Frameworks */,
			);
			sourceTree = "<group>";
		};
		12E06396289C541F007B09BE /* Products */ = {
			isa = PBXGroup;
			children = (
				12E06395289C541F007B09BE /* TravelWeather.app */,
				12E063AE289C5422007B09BE /* TravelWeatherTests.xctest */,
				12E063B8289C5422007B09BE /* TravelWeatherUITests.xctest */,
			);
			name = Products;
			sourceTree = "<group>";
		};
		12E06397289C541F007B09BE /* TravelWeather */ = {
			isa = PBXGroup;
			children = (
				1260ED6D289D6E9C0008C9EE /* CodeGeneration */,
				1255119C289C58D10088B38B /* Application */,
				12F134BA289D794D00363CF6 /* Coordinators */,
				1255119D289C58DE0088B38B /* Modules */,
				12E063A4289C5422007B09BE /* Assets.xcassets */,
				12E063A6289C5422007B09BE /* LaunchScreen.storyboard */,
				12E063A9289C5422007B09BE /* Info.plist */,
			);
			path = TravelWeather;
			sourceTree = "<group>";
		};
		12E063B1289C5422007B09BE /* TravelWeatherTests */ = {
			isa = PBXGroup;
			children = (
				12E063B2289C5422007B09BE /* TravelWeatherTests.swift */,
			);
			path = TravelWeatherTests;
			sourceTree = "<group>";
		};
		12E063BB289C5422007B09BE /* TravelWeatherUITests */ = {
			isa = PBXGroup;
			children = (
				12E063BC289C5422007B09BE /* TravelWeatherUITests.swift */,
				12E063BE289C5422007B09BE /* TravelWeatherUITestsLaunchTests.swift */,
			);
			path = TravelWeatherUITests;
			sourceTree = "<group>";
		};
		12F134B0289D721F00363CF6 /* Dependencies */ = {
			isa = PBXGroup;
			children = (
				12F134B2289D723500363CF6 /* DependencyProtocols.swift */,
				12F134B5289D726B00363CF6 /* DefaultAppDependencies.swift */,
				12F134B7289D727500363CF6 /* TestDependencies.swift */,
			);
			path = Dependencies;
			sourceTree = "<group>";
		};
		12F134BA289D794D00363CF6 /* Coordinators */ = {
			isa = PBXGroup;
			children = (
				12F134BB289D795C00363CF6 /* CoordinatorType.swift */,
				12F134BD289D79C700363CF6 /* AppCoordinator.swift */,
			);
			path = Coordinators;
			sourceTree = "<group>";
		};
		12F134C6289D815D00363CF6 /* LocationsList */ = {
			isa = PBXGroup;
			children = (
				12F134C9289D817200363CF6 /* ViewModel */,
				12F134CA289D817700363CF6 /* View */,
			);
			path = LocationsList;
			sourceTree = "<group>";
		};
		12F134C9289D817200363CF6 /* ViewModel */ = {
			isa = PBXGroup;
			children = (
				12F134C7289D816E00363CF6 /* LocationsListViewModel.swift */,
			);
			path = ViewModel;
			sourceTree = "<group>";
		};
		12F134CA289D817700363CF6 /* View */ = {
			isa = PBXGroup;
			children = (
				12F134CB289D818000363CF6 /* LocationsListController.swift */,
			);
			path = View;
			sourceTree = "<group>";
		};
		12F134CD289D823900363CF6 /* TripsStore */ = {
			isa = PBXGroup;
			children = (
				12F134D1289D83A100363CF6 /* TripsStoreType.swift */,
				12F134CE289D824200363CF6 /* TripsStore.swift */,
			);
			path = TripsStore;
			sourceTree = "<group>";
		};
		12F134D3289D83BA00363CF6 /* Models */ = {
			isa = PBXGroup;
			children = (
				12F134D4289D83C800363CF6 /* Trip.swift */,
				12F134D6289D843100363CF6 /* VisitedPlace.swift */,
				12F134D8289D846500363CF6 /* Location.swift */,
				12F134DA289D84CE00363CF6 /* Coordinate.swift */,
			);
			path = Models;
			sourceTree = "<group>";
		};
		12F134DC289D855900363CF6 /* NSManagedObjects */ = {
			isa = PBXGroup;
			children = (
				12F134DE289D896300363CF6 /* CDWeather+CoreDataClass.swift */,
				12F134DF289D896300363CF6 /* CDWeather+CoreDataProperties.swift */,
				12F134E0289D896300363CF6 /* CDTrip+CoreDataClass.swift */,
				12F134E1289D896300363CF6 /* CDTrip+CoreDataProperties.swift */,
				12F134E2289D896300363CF6 /* CDLocation+CoreDataClass.swift */,
				12F134E3289D896300363CF6 /* CDLocation+CoreDataProperties.swift */,
				12F134E4289D896300363CF6 /* CDVisitedPlace+CoreDataClass.swift */,
				12F134E5289D896300363CF6 /* CDVisitedPlace+CoreDataProperties.swift */,
			);
			path = NSManagedObjects;
			sourceTree = "<group>";
		};
		12F134DD289D856A00363CF6 /* Extensions */ = {
			isa = PBXGroup;
			children = (
			);
			path = Extensions;
			sourceTree = "<group>";
		};
		12F134EE289D89A700363CF6 /* TripsList */ = {
			isa = PBXGroup;
			children = (
				12F134EF289D89BF00363CF6 /* ViewModel */,
				12F134F0289D89C400363CF6 /* View */,
			);
			path = TripsList;
			sourceTree = "<group>";
		};
		12F134EF289D89BF00363CF6 /* ViewModel */ = {
			isa = PBXGroup;
			children = (
				12F134F1289D89D200363CF6 /* TripsListViewModelType.swift */,
				12F134F3289D89E100363CF6 /* TripsListViewModel.swift */,
			);
			path = ViewModel;
			sourceTree = "<group>";
		};
		12F134F0289D89C400363CF6 /* View */ = {
			isa = PBXGroup;
			children = (
				12F134F5289D8A1900363CF6 /* TripsListController.swift */,
			);
			path = View;
			sourceTree = "<group>";
		};
		12F134F7289D8B2900363CF6 /* RxSwift */ = {
			isa = PBXGroup;
			children = (
				12F134F8289D8B6600363CF6 /* CDObservable.swift */,
			);
			path = RxSwift;
			sourceTree = "<group>";
		};
		1405F96A8FCD85676501E1C7 /* Frameworks */ = {
			isa = PBXGroup;
			children = (
				60CC2D7312A64B1EB9E83C62 /* Pods_TravelWeather.framework */,
				315F8EA95E9D7107A554B746 /* Pods_TravelWeather_TravelWeatherUITests.framework */,
				FC59DB4A591DBCDD17CA51A9 /* Pods_TravelWeatherTests.framework */,
			);
			name = Frameworks;
			sourceTree = "<group>";
		};
		AF7975E09BEB65C2A6D11ED3 /* Pods */ = {
			isa = PBXGroup;
			children = (
				C3362ABF494267ACA3BB3CBC /* Pods-TravelWeather.debug.xcconfig */,
				E6FED7DEB7877A3CA4957B1F /* Pods-TravelWeather.release.xcconfig */,
				C58011BB187E34E966F39A3C /* Pods-TravelWeather-TravelWeatherUITests.debug.xcconfig */,
				459FD75C035C2DF8060F39B2 /* Pods-TravelWeather-TravelWeatherUITests.release.xcconfig */,
				4AD2BEA456E38C87CDEF158A /* Pods-TravelWeatherTests.debug.xcconfig */,
				7883F8DC37E86DE18DB49508 /* Pods-TravelWeatherTests.release.xcconfig */,
			);
			path = Pods;
			sourceTree = "<group>";
		};
/* End PBXGroup section */

/* Begin PBXNativeTarget section */
		12E06394289C541F007B09BE /* TravelWeather */ = {
			isa = PBXNativeTarget;
			buildConfigurationList = 12E063C2289C5422007B09BE /* Build configuration list for PBXNativeTarget "TravelWeather" */;
			buildPhases = (
				3FF121D503634A78739C6E60 /* [CP] Check Pods Manifest.lock */,
				122D4BA9289D6F9B00BA627F /* Sourcery */,
				122D4BAA289D6FBB00BA627F /* ShellScript */,
				12E06391289C541F007B09BE /* Sources */,
				12E06392289C541F007B09BE /* Frameworks */,
				12E06393289C541F007B09BE /* Resources */,
				A03375257D15A63BA1541F26 /* [CP] Embed Pods Frameworks */,
			);
			buildRules = (
			);
			dependencies = (
			);
			name = TravelWeather;
			productName = TravelWeather;
			productReference = 12E06395289C541F007B09BE /* TravelWeather.app */;
			productType = "com.apple.product-type.application";
		};
		12E063AD289C5422007B09BE /* TravelWeatherTests */ = {
			isa = PBXNativeTarget;
			buildConfigurationList = 12E063C5289C5422007B09BE /* Build configuration list for PBXNativeTarget "TravelWeatherTests" */;
			buildPhases = (
				2938415BFC42E33D01CCC610 /* [CP] Check Pods Manifest.lock */,
				12E063AA289C5422007B09BE /* Sources */,
				12E063AB289C5422007B09BE /* Frameworks */,
				12E063AC289C5422007B09BE /* Resources */,
				E6FB71A3EAD77E91EAF497AA /* [CP] Embed Pods Frameworks */,
			);
			buildRules = (
			);
			dependencies = (
				12E063B0289C5422007B09BE /* PBXTargetDependency */,
			);
			name = TravelWeatherTests;
			productName = TravelWeatherTests;
			productReference = 12E063AE289C5422007B09BE /* TravelWeatherTests.xctest */;
			productType = "com.apple.product-type.bundle.unit-test";
		};
		12E063B7289C5422007B09BE /* TravelWeatherUITests */ = {
			isa = PBXNativeTarget;
			buildConfigurationList = 12E063C8289C5422007B09BE /* Build configuration list for PBXNativeTarget "TravelWeatherUITests" */;
			buildPhases = (
				C7B46187C02BFFBCC9883C39 /* [CP] Check Pods Manifest.lock */,
				12E063B4289C5422007B09BE /* Sources */,
				12E063B5289C5422007B09BE /* Frameworks */,
				12E063B6289C5422007B09BE /* Resources */,
				EE8A61EE65EE17F19018EBAD /* [CP] Embed Pods Frameworks */,
			);
			buildRules = (
			);
			dependencies = (
				12E063BA289C5422007B09BE /* PBXTargetDependency */,
			);
			name = TravelWeatherUITests;
			productName = TravelWeatherUITests;
			productReference = 12E063B8289C5422007B09BE /* TravelWeatherUITests.xctest */;
			productType = "com.apple.product-type.bundle.ui-testing";
		};
/* End PBXNativeTarget section */

/* Begin PBXProject section */
		12E0638D289C541F007B09BE /* Project object */ = {
			isa = PBXProject;
			attributes = {
				BuildIndependentTargetsInParallel = 1;
				LastSwiftUpdateCheck = 1340;
				LastUpgradeCheck = 1340;
				TargetAttributes = {
					12E06394289C541F007B09BE = {
						CreatedOnToolsVersion = 13.4.1;
					};
					12E063AD289C5422007B09BE = {
						CreatedOnToolsVersion = 13.4.1;
						TestTargetID = 12E06394289C541F007B09BE;
					};
					12E063B7289C5422007B09BE = {
						CreatedOnToolsVersion = 13.4.1;
						TestTargetID = 12E06394289C541F007B09BE;
					};
				};
			};
			buildConfigurationList = 12E06390289C541F007B09BE /* Build configuration list for PBXProject "TravelWeather" */;
			compatibilityVersion = "Xcode 13.0";
			developmentRegion = en;
			hasScannedForEncodings = 0;
			knownRegions = (
				en,
				Base,
			);
			mainGroup = 12E0638C289C541F007B09BE;
			productRefGroup = 12E06396289C541F007B09BE /* Products */;
			projectDirPath = "";
			projectRoot = "";
			targets = (
				12E06394289C541F007B09BE /* TravelWeather */,
				12E063AD289C5422007B09BE /* TravelWeatherTests */,
				12E063B7289C5422007B09BE /* TravelWeatherUITests */,
			);
		};
/* End PBXProject section */

/* Begin PBXResourcesBuildPhase section */
		12E06393289C541F007B09BE /* Resources */ = {
			isa = PBXResourcesBuildPhase;
			buildActionMask = 2147483647;
			files = (
				12E063A8289C5422007B09BE /* LaunchScreen.storyboard in Resources */,
				122D4BA1289D6F7B00BA627F /* sourcery.sh in Resources */,
				122D4BA7289D6F8700BA627F /* AutoQueryTests.stencil in Resources */,
				122D4BA8289D6F8700BA627F /* AutoBuilder.stencil in Resources */,
				122D4BA6289D6F8700BA627F /* AutoInitializable.stencil in Resources */,
				12E063A5289C5422007B09BE /* Assets.xcassets in Resources */,
				122D4BA2289D6F7B00BA627F /* swiftgen.sh in Resources */,
			);
			runOnlyForDeploymentPostprocessing = 0;
		};
		12E063AC289C5422007B09BE /* Resources */ = {
			isa = PBXResourcesBuildPhase;
			buildActionMask = 2147483647;
			files = (
			);
			runOnlyForDeploymentPostprocessing = 0;
		};
		12E063B6289C5422007B09BE /* Resources */ = {
			isa = PBXResourcesBuildPhase;
			buildActionMask = 2147483647;
			files = (
			);
			runOnlyForDeploymentPostprocessing = 0;
		};
/* End PBXResourcesBuildPhase section */

/* Begin PBXShellScriptBuildPhase section */
		122D4BA9289D6F9B00BA627F /* Sourcery */ = {
			isa = PBXShellScriptBuildPhase;
			buildActionMask = 2147483647;
			files = (
			);
			inputFileListPaths = (
			);
			inputPaths = (
			);
			name = Sourcery;
			outputFileListPaths = (
			);
			outputPaths = (
			);
			runOnlyForDeploymentPostprocessing = 0;
			shellPath = /bin/sh;
			shellScript = "\"TravelWeather/CodeGeneration/Scripts/sourcery.sh\"\n";
		};
		122D4BAA289D6FBB00BA627F /* ShellScript */ = {
			isa = PBXShellScriptBuildPhase;
			buildActionMask = 2147483647;
			files = (
			);
			inputFileListPaths = (
			);
			inputPaths = (
			);
			outputFileListPaths = (
			);
			outputPaths = (
			);
			runOnlyForDeploymentPostprocessing = 0;
			shellPath = /bin/sh;
			shellScript = "\"TravelWeather/CodeGeneration/Scripts/swiftgen.sh\"\n";
		};
		2938415BFC42E33D01CCC610 /* [CP] Check Pods Manifest.lock */ = {
			isa = PBXShellScriptBuildPhase;
			buildActionMask = 2147483647;
			files = (
			);
			inputFileListPaths = (
			);
			inputPaths = (
				"${PODS_PODFILE_DIR_PATH}/Podfile.lock",
				"${PODS_ROOT}/Manifest.lock",
			);
			name = "[CP] Check Pods Manifest.lock";
			outputFileListPaths = (
			);
			outputPaths = (
				"$(DERIVED_FILE_DIR)/Pods-TravelWeatherTests-checkManifestLockResult.txt",
			);
			runOnlyForDeploymentPostprocessing = 0;
			shellPath = /bin/sh;
			shellScript = "diff \"${PODS_PODFILE_DIR_PATH}/Podfile.lock\" \"${PODS_ROOT}/Manifest.lock\" > /dev/null\nif [ $? != 0 ] ; then\n    # print error to STDERR\n    echo \"error: The sandbox is not in sync with the Podfile.lock. Run 'pod install' or update your CocoaPods installation.\" >&2\n    exit 1\nfi\n# This output is used by Xcode 'outputs' to avoid re-running this script phase.\necho \"SUCCESS\" > \"${SCRIPT_OUTPUT_FILE_0}\"\n";
			showEnvVarsInLog = 0;
		};
		3FF121D503634A78739C6E60 /* [CP] Check Pods Manifest.lock */ = {
			isa = PBXShellScriptBuildPhase;
			buildActionMask = 2147483647;
			files = (
			);
			inputFileListPaths = (
			);
			inputPaths = (
				"${PODS_PODFILE_DIR_PATH}/Podfile.lock",
				"${PODS_ROOT}/Manifest.lock",
			);
			name = "[CP] Check Pods Manifest.lock";
			outputFileListPaths = (
			);
			outputPaths = (
				"$(DERIVED_FILE_DIR)/Pods-TravelWeather-checkManifestLockResult.txt",
			);
			runOnlyForDeploymentPostprocessing = 0;
			shellPath = /bin/sh;
			shellScript = "diff \"${PODS_PODFILE_DIR_PATH}/Podfile.lock\" \"${PODS_ROOT}/Manifest.lock\" > /dev/null\nif [ $? != 0 ] ; then\n    # print error to STDERR\n    echo \"error: The sandbox is not in sync with the Podfile.lock. Run 'pod install' or update your CocoaPods installation.\" >&2\n    exit 1\nfi\n# This output is used by Xcode 'outputs' to avoid re-running this script phase.\necho \"SUCCESS\" > \"${SCRIPT_OUTPUT_FILE_0}\"\n";
			showEnvVarsInLog = 0;
		};
		A03375257D15A63BA1541F26 /* [CP] Embed Pods Frameworks */ = {
			isa = PBXShellScriptBuildPhase;
			buildActionMask = 2147483647;
			files = (
			);
			inputFileListPaths = (
				"${PODS_ROOT}/Target Support Files/Pods-TravelWeather/Pods-TravelWeather-frameworks-${CONFIGURATION}-input-files.xcfilelist",
			);
			name = "[CP] Embed Pods Frameworks";
			outputFileListPaths = (
				"${PODS_ROOT}/Target Support Files/Pods-TravelWeather/Pods-TravelWeather-frameworks-${CONFIGURATION}-output-files.xcfilelist",
			);
			runOnlyForDeploymentPostprocessing = 0;
			shellPath = /bin/sh;
			shellScript = "\"${PODS_ROOT}/Target Support Files/Pods-TravelWeather/Pods-TravelWeather-frameworks.sh\"\n";
			showEnvVarsInLog = 0;
		};
		C7B46187C02BFFBCC9883C39 /* [CP] Check Pods Manifest.lock */ = {
			isa = PBXShellScriptBuildPhase;
			buildActionMask = 2147483647;
			files = (
			);
			inputFileListPaths = (
			);
			inputPaths = (
				"${PODS_PODFILE_DIR_PATH}/Podfile.lock",
				"${PODS_ROOT}/Manifest.lock",
			);
			name = "[CP] Check Pods Manifest.lock";
			outputFileListPaths = (
			);
			outputPaths = (
				"$(DERIVED_FILE_DIR)/Pods-TravelWeather-TravelWeatherUITests-checkManifestLockResult.txt",
			);
			runOnlyForDeploymentPostprocessing = 0;
			shellPath = /bin/sh;
			shellScript = "diff \"${PODS_PODFILE_DIR_PATH}/Podfile.lock\" \"${PODS_ROOT}/Manifest.lock\" > /dev/null\nif [ $? != 0 ] ; then\n    # print error to STDERR\n    echo \"error: The sandbox is not in sync with the Podfile.lock. Run 'pod install' or update your CocoaPods installation.\" >&2\n    exit 1\nfi\n# This output is used by Xcode 'outputs' to avoid re-running this script phase.\necho \"SUCCESS\" > \"${SCRIPT_OUTPUT_FILE_0}\"\n";
			showEnvVarsInLog = 0;
		};
		E6FB71A3EAD77E91EAF497AA /* [CP] Embed Pods Frameworks */ = {
			isa = PBXShellScriptBuildPhase;
			buildActionMask = 2147483647;
			files = (
			);
			inputFileListPaths = (
				"${PODS_ROOT}/Target Support Files/Pods-TravelWeatherTests/Pods-TravelWeatherTests-frameworks-${CONFIGURATION}-input-files.xcfilelist",
			);
			name = "[CP] Embed Pods Frameworks";
			outputFileListPaths = (
				"${PODS_ROOT}/Target Support Files/Pods-TravelWeatherTests/Pods-TravelWeatherTests-frameworks-${CONFIGURATION}-output-files.xcfilelist",
			);
			runOnlyForDeploymentPostprocessing = 0;
			shellPath = /bin/sh;
			shellScript = "\"${PODS_ROOT}/Target Support Files/Pods-TravelWeatherTests/Pods-TravelWeatherTests-frameworks.sh\"\n";
			showEnvVarsInLog = 0;
		};
		EE8A61EE65EE17F19018EBAD /* [CP] Embed Pods Frameworks */ = {
			isa = PBXShellScriptBuildPhase;
			buildActionMask = 2147483647;
			files = (
			);
			inputFileListPaths = (
				"${PODS_ROOT}/Target Support Files/Pods-TravelWeather-TravelWeatherUITests/Pods-TravelWeather-TravelWeatherUITests-frameworks-${CONFIGURATION}-input-files.xcfilelist",
			);
			name = "[CP] Embed Pods Frameworks";
			outputFileListPaths = (
				"${PODS_ROOT}/Target Support Files/Pods-TravelWeather-TravelWeatherUITests/Pods-TravelWeather-TravelWeatherUITests-frameworks-${CONFIGURATION}-output-files.xcfilelist",
			);
			runOnlyForDeploymentPostprocessing = 0;
			shellPath = /bin/sh;
			shellScript = "\"${PODS_ROOT}/Target Support Files/Pods-TravelWeather-TravelWeatherUITests/Pods-TravelWeather-TravelWeatherUITests-frameworks.sh\"\n";
			showEnvVarsInLog = 0;
		};
/* End PBXShellScriptBuildPhase section */

/* Begin PBXSourcesBuildPhase section */
		12E06391289C541F007B09BE /* Sources */ = {
			isa = PBXSourcesBuildPhase;
			buildActionMask = 2147483647;
			files = (
				12F134EB289D896300363CF6 /* CDLocation+CoreDataProperties.swift in Sources */,
				12F134D5289D83C800363CF6 /* Trip.swift in Sources */,
				12E063A3289C541F007B09BE /* TravelWeather.xcdatamodeld in Sources */,
				12F134E9289D896300363CF6 /* CDTrip+CoreDataProperties.swift in Sources */,
				12F134D2289D83A100363CF6 /* TripsStoreType.swift in Sources */,
				12F134E8289D896300363CF6 /* CDTrip+CoreDataClass.swift in Sources */,
				12F134BC289D795C00363CF6 /* CoordinatorType.swift in Sources */,
				1260ED61289D6D710008C9EE /* DefaultCDStack.swift in Sources */,
				12F134B6289D726B00363CF6 /* DefaultAppDependencies.swift in Sources */,
				12F134D7289D843200363CF6 /* VisitedPlace.swift in Sources */,
				12F134CC289D818000363CF6 /* LocationsListController.swift in Sources */,
				1260ED64289D6DBE0008C9EE /* FileManagerExt.swift in Sources */,
				12F134CF289D824200363CF6 /* TripsStore.swift in Sources */,
				12F134F4289D89E100363CF6 /* TripsListViewModel.swift in Sources */,
				12F134D9289D846500363CF6 /* Location.swift in Sources */,
				1260ED6A289D6E140008C9EE /* CDMigrationVersion.swift in Sources */,
				12F134BE289D79C700363CF6 /* AppCoordinator.swift in Sources */,
				12F134E6289D896300363CF6 /* CDWeather+CoreDataClass.swift in Sources */,
				125511A1289C590D0088B38B /* CDStackType.swift in Sources */,
				12F134EA289D896300363CF6 /* CDLocation+CoreDataClass.swift in Sources */,
				12F134DB289D84CE00363CF6 /* Coordinate.swift in Sources */,
				1260ED6C289D6E380008C9EE /* CDMigrator.swift in Sources */,
				1260ED72289D6EDA0008C9EE /* MarkterProtocols.swift in Sources */,
				1260ED74289D6EE40008C9EE /* MarkerConformances.swift in Sources */,
				12F134F2289D89D200363CF6 /* TripsListViewModelType.swift in Sources */,
				12F134B3289D723500363CF6 /* DependencyProtocols.swift in Sources */,
				12F134E7289D896300363CF6 /* CDWeather+CoreDataProperties.swift in Sources */,
				12F134EC289D896300363CF6 /* CDVisitedPlace+CoreDataClass.swift in Sources */,
				125511A3289C5A690088B38B /* CDAction.swift in Sources */,
				12F134F9289D8B6600363CF6 /* CDObservable.swift in Sources */,
				1260ED68289D6E070008C9EE /* CDMigrationStep.swift in Sources */,
				12F134AD289D70E200363CF6 /* AutoInitializable.generated.swift in Sources */,
				12E06399289C541F007B09BE /* AppDelegate.swift in Sources */,
				12F134C8289D816E00363CF6 /* LocationsListViewModel.swift in Sources */,
				12F134ED289D896300363CF6 /* CDVisitedPlace+CoreDataProperties.swift in Sources */,
				12F134F6289D8A1900363CF6 /* TripsListController.swift in Sources */,
				12E0639B289C541F007B09BE /* SceneDelegate.swift in Sources */,
			);
			runOnlyForDeploymentPostprocessing = 0;
		};
		12E063AA289C5422007B09BE /* Sources */ = {
			isa = PBXSourcesBuildPhase;
			buildActionMask = 2147483647;
			files = (
				12E063B3289C5422007B09BE /* TravelWeatherTests.swift in Sources */,
			);
			runOnlyForDeploymentPostprocessing = 0;
		};
		12E063B4289C5422007B09BE /* Sources */ = {
			isa = PBXSourcesBuildPhase;
			buildActionMask = 2147483647;
			files = (
				12E063BD289C5422007B09BE /* TravelWeatherUITests.swift in Sources */,
				12E063BF289C5422007B09BE /* TravelWeatherUITestsLaunchTests.swift in Sources */,
			);
			runOnlyForDeploymentPostprocessing = 0;
		};
/* End PBXSourcesBuildPhase section */

/* Begin PBXTargetDependency section */
		12E063B0289C5422007B09BE /* PBXTargetDependency */ = {
			isa = PBXTargetDependency;
			target = 12E06394289C541F007B09BE /* TravelWeather */;
			targetProxy = 12E063AF289C5422007B09BE /* PBXContainerItemProxy */;
		};
		12E063BA289C5422007B09BE /* PBXTargetDependency */ = {
			isa = PBXTargetDependency;
			target = 12E06394289C541F007B09BE /* TravelWeather */;
			targetProxy = 12E063B9289C5422007B09BE /* PBXContainerItemProxy */;
		};
/* End PBXTargetDependency section */

/* Begin PBXVariantGroup section */
		12E063A6289C5422007B09BE /* LaunchScreen.storyboard */ = {
			isa = PBXVariantGroup;
			children = (
				12E063A7289C5422007B09BE /* Base */,
			);
			name = LaunchScreen.storyboard;
			sourceTree = "<group>";
		};
/* End PBXVariantGroup section */

/* Begin XCBuildConfiguration section */
		12E063C0289C5422007B09BE /* Debug */ = {
			isa = XCBuildConfiguration;
			buildSettings = {
				ALWAYS_SEARCH_USER_PATHS = NO;
				CLANG_ANALYZER_NONNULL = YES;
				CLANG_ANALYZER_NUMBER_OBJECT_CONVERSION = YES_AGGRESSIVE;
				CLANG_CXX_LANGUAGE_STANDARD = "gnu++17";
				CLANG_ENABLE_MODULES = YES;
				CLANG_ENABLE_OBJC_ARC = YES;
				CLANG_ENABLE_OBJC_WEAK = YES;
				CLANG_WARN_BLOCK_CAPTURE_AUTORELEASING = YES;
				CLANG_WARN_BOOL_CONVERSION = YES;
				CLANG_WARN_COMMA = YES;
				CLANG_WARN_CONSTANT_CONVERSION = YES;
				CLANG_WARN_DEPRECATED_OBJC_IMPLEMENTATIONS = YES;
				CLANG_WARN_DIRECT_OBJC_ISA_USAGE = YES_ERROR;
				CLANG_WARN_DOCUMENTATION_COMMENTS = YES;
				CLANG_WARN_EMPTY_BODY = YES;
				CLANG_WARN_ENUM_CONVERSION = YES;
				CLANG_WARN_INFINITE_RECURSION = YES;
				CLANG_WARN_INT_CONVERSION = YES;
				CLANG_WARN_NON_LITERAL_NULL_CONVERSION = YES;
				CLANG_WARN_OBJC_IMPLICIT_RETAIN_SELF = YES;
				CLANG_WARN_OBJC_LITERAL_CONVERSION = YES;
				CLANG_WARN_OBJC_ROOT_CLASS = YES_ERROR;
				CLANG_WARN_QUOTED_INCLUDE_IN_FRAMEWORK_HEADER = YES;
				CLANG_WARN_RANGE_LOOP_ANALYSIS = YES;
				CLANG_WARN_STRICT_PROTOTYPES = YES;
				CLANG_WARN_SUSPICIOUS_MOVE = YES;
				CLANG_WARN_UNGUARDED_AVAILABILITY = YES_AGGRESSIVE;
				CLANG_WARN_UNREACHABLE_CODE = YES;
				CLANG_WARN__DUPLICATE_METHOD_MATCH = YES;
				COPY_PHASE_STRIP = NO;
				DEBUG_INFORMATION_FORMAT = dwarf;
				ENABLE_STRICT_OBJC_MSGSEND = YES;
				ENABLE_TESTABILITY = YES;
				GCC_C_LANGUAGE_STANDARD = gnu11;
				GCC_DYNAMIC_NO_PIC = NO;
				GCC_NO_COMMON_BLOCKS = YES;
				GCC_OPTIMIZATION_LEVEL = 0;
				GCC_PREPROCESSOR_DEFINITIONS = (
					"DEBUG=1",
					"$(inherited)",
				);
				GCC_WARN_64_TO_32_BIT_CONVERSION = YES;
				GCC_WARN_ABOUT_RETURN_TYPE = YES_ERROR;
				GCC_WARN_UNDECLARED_SELECTOR = YES;
				GCC_WARN_UNINITIALIZED_AUTOS = YES_AGGRESSIVE;
				GCC_WARN_UNUSED_FUNCTION = YES;
				GCC_WARN_UNUSED_VARIABLE = YES;
				IPHONEOS_DEPLOYMENT_TARGET = 15.5;
				MTL_ENABLE_DEBUG_INFO = INCLUDE_SOURCE;
				MTL_FAST_MATH = YES;
				ONLY_ACTIVE_ARCH = YES;
				SDKROOT = iphoneos;
				SWIFT_ACTIVE_COMPILATION_CONDITIONS = DEBUG;
				SWIFT_OPTIMIZATION_LEVEL = "-Onone";
			};
			name = Debug;
		};
		12E063C1289C5422007B09BE /* Release */ = {
			isa = XCBuildConfiguration;
			buildSettings = {
				ALWAYS_SEARCH_USER_PATHS = NO;
				CLANG_ANALYZER_NONNULL = YES;
				CLANG_ANALYZER_NUMBER_OBJECT_CONVERSION = YES_AGGRESSIVE;
				CLANG_CXX_LANGUAGE_STANDARD = "gnu++17";
				CLANG_ENABLE_MODULES = YES;
				CLANG_ENABLE_OBJC_ARC = YES;
				CLANG_ENABLE_OBJC_WEAK = YES;
				CLANG_WARN_BLOCK_CAPTURE_AUTORELEASING = YES;
				CLANG_WARN_BOOL_CONVERSION = YES;
				CLANG_WARN_COMMA = YES;
				CLANG_WARN_CONSTANT_CONVERSION = YES;
				CLANG_WARN_DEPRECATED_OBJC_IMPLEMENTATIONS = YES;
				CLANG_WARN_DIRECT_OBJC_ISA_USAGE = YES_ERROR;
				CLANG_WARN_DOCUMENTATION_COMMENTS = YES;
				CLANG_WARN_EMPTY_BODY = YES;
				CLANG_WARN_ENUM_CONVERSION = YES;
				CLANG_WARN_INFINITE_RECURSION = YES;
				CLANG_WARN_INT_CONVERSION = YES;
				CLANG_WARN_NON_LITERAL_NULL_CONVERSION = YES;
				CLANG_WARN_OBJC_IMPLICIT_RETAIN_SELF = YES;
				CLANG_WARN_OBJC_LITERAL_CONVERSION = YES;
				CLANG_WARN_OBJC_ROOT_CLASS = YES_ERROR;
				CLANG_WARN_QUOTED_INCLUDE_IN_FRAMEWORK_HEADER = YES;
				CLANG_WARN_RANGE_LOOP_ANALYSIS = YES;
				CLANG_WARN_STRICT_PROTOTYPES = YES;
				CLANG_WARN_SUSPICIOUS_MOVE = YES;
				CLANG_WARN_UNGUARDED_AVAILABILITY = YES_AGGRESSIVE;
				CLANG_WARN_UNREACHABLE_CODE = YES;
				CLANG_WARN__DUPLICATE_METHOD_MATCH = YES;
				COPY_PHASE_STRIP = NO;
				DEBUG_INFORMATION_FORMAT = "dwarf-with-dsym";
				ENABLE_NS_ASSERTIONS = NO;
				ENABLE_STRICT_OBJC_MSGSEND = YES;
				GCC_C_LANGUAGE_STANDARD = gnu11;
				GCC_NO_COMMON_BLOCKS = YES;
				GCC_WARN_64_TO_32_BIT_CONVERSION = YES;
				GCC_WARN_ABOUT_RETURN_TYPE = YES_ERROR;
				GCC_WARN_UNDECLARED_SELECTOR = YES;
				GCC_WARN_UNINITIALIZED_AUTOS = YES_AGGRESSIVE;
				GCC_WARN_UNUSED_FUNCTION = YES;
				GCC_WARN_UNUSED_VARIABLE = YES;
				IPHONEOS_DEPLOYMENT_TARGET = 15.5;
				MTL_ENABLE_DEBUG_INFO = NO;
				MTL_FAST_MATH = YES;
				SDKROOT = iphoneos;
				SWIFT_COMPILATION_MODE = wholemodule;
				SWIFT_OPTIMIZATION_LEVEL = "-O";
				VALIDATE_PRODUCT = YES;
			};
			name = Release;
		};
		12E063C3289C5422007B09BE /* Debug */ = {
			isa = XCBuildConfiguration;
			baseConfigurationReference = C3362ABF494267ACA3BB3CBC /* Pods-TravelWeather.debug.xcconfig */;
			buildSettings = {
				ASSETCATALOG_COMPILER_APPICON_NAME = AppIcon;
				ASSETCATALOG_COMPILER_GLOBAL_ACCENT_COLOR_NAME = AccentColor;
				CODE_SIGN_STYLE = Automatic;
				CURRENT_PROJECT_VERSION = 1;
				GENERATE_INFOPLIST_FILE = YES;
				INFOPLIST_FILE = TravelWeather/Info.plist;
				INFOPLIST_KEY_UIApplicationSupportsIndirectInputEvents = YES;
				INFOPLIST_KEY_UILaunchStoryboardName = LaunchScreen;
				INFOPLIST_KEY_UISupportedInterfaceOrientations_iPad = "UIInterfaceOrientationPortrait UIInterfaceOrientationPortraitUpsideDown UIInterfaceOrientationLandscapeLeft UIInterfaceOrientationLandscapeRight";
				INFOPLIST_KEY_UISupportedInterfaceOrientations_iPhone = "UIInterfaceOrientationPortrait UIInterfaceOrientationLandscapeLeft UIInterfaceOrientationLandscapeRight";
				IPHONEOS_DEPLOYMENT_TARGET = 15.0;
				LD_RUNPATH_SEARCH_PATHS = (
					"$(inherited)",
					"@executable_path/Frameworks",
				);
				MARKETING_VERSION = 1.0;
				PRODUCT_BUNDLE_IDENTIFIER = de.hinzclaudio.TravelWeather;
				PRODUCT_NAME = "$(TARGET_NAME)";
				SWIFT_EMIT_LOC_STRINGS = YES;
				SWIFT_VERSION = 5.0;
				TARGETED_DEVICE_FAMILY = "1,2";
			};
			name = Debug;
		};
		12E063C4289C5422007B09BE /* Release */ = {
			isa = XCBuildConfiguration;
			baseConfigurationReference = E6FED7DEB7877A3CA4957B1F /* Pods-TravelWeather.release.xcconfig */;
			buildSettings = {
				ASSETCATALOG_COMPILER_APPICON_NAME = AppIcon;
				ASSETCATALOG_COMPILER_GLOBAL_ACCENT_COLOR_NAME = AccentColor;
				CODE_SIGN_STYLE = Automatic;
				CURRENT_PROJECT_VERSION = 1;
				GENERATE_INFOPLIST_FILE = YES;
				INFOPLIST_FILE = TravelWeather/Info.plist;
				INFOPLIST_KEY_UIApplicationSupportsIndirectInputEvents = YES;
				INFOPLIST_KEY_UILaunchStoryboardName = LaunchScreen;
				INFOPLIST_KEY_UISupportedInterfaceOrientations_iPad = "UIInterfaceOrientationPortrait UIInterfaceOrientationPortraitUpsideDown UIInterfaceOrientationLandscapeLeft UIInterfaceOrientationLandscapeRight";
				INFOPLIST_KEY_UISupportedInterfaceOrientations_iPhone = "UIInterfaceOrientationPortrait UIInterfaceOrientationLandscapeLeft UIInterfaceOrientationLandscapeRight";
				IPHONEOS_DEPLOYMENT_TARGET = 15.0;
				LD_RUNPATH_SEARCH_PATHS = (
					"$(inherited)",
					"@executable_path/Frameworks",
				);
				MARKETING_VERSION = 1.0;
				PRODUCT_BUNDLE_IDENTIFIER = de.hinzclaudio.TravelWeather;
				PRODUCT_NAME = "$(TARGET_NAME)";
				SWIFT_EMIT_LOC_STRINGS = YES;
				SWIFT_VERSION = 5.0;
				TARGETED_DEVICE_FAMILY = "1,2";
			};
			name = Release;
		};
		12E063C6289C5422007B09BE /* Debug */ = {
			isa = XCBuildConfiguration;
			baseConfigurationReference = 4AD2BEA456E38C87CDEF158A /* Pods-TravelWeatherTests.debug.xcconfig */;
			buildSettings = {
				ALWAYS_EMBED_SWIFT_STANDARD_LIBRARIES = "$(inherited)";
				BUNDLE_LOADER = "$(TEST_HOST)";
				CODE_SIGN_STYLE = Automatic;
				CURRENT_PROJECT_VERSION = 1;
				GENERATE_INFOPLIST_FILE = YES;
				IPHONEOS_DEPLOYMENT_TARGET = 15.5;
				MARKETING_VERSION = 1.0;
				PRODUCT_BUNDLE_IDENTIFIER = de.hinzclaudio.TravelWeatherTests;
				PRODUCT_NAME = "$(TARGET_NAME)";
				SWIFT_EMIT_LOC_STRINGS = NO;
				SWIFT_VERSION = 5.0;
				TARGETED_DEVICE_FAMILY = "1,2";
				TEST_HOST = "$(BUILT_PRODUCTS_DIR)/TravelWeather.app/TravelWeather";
			};
			name = Debug;
		};
		12E063C7289C5422007B09BE /* Release */ = {
			isa = XCBuildConfiguration;
			baseConfigurationReference = 7883F8DC37E86DE18DB49508 /* Pods-TravelWeatherTests.release.xcconfig */;
			buildSettings = {
				ALWAYS_EMBED_SWIFT_STANDARD_LIBRARIES = "$(inherited)";
				BUNDLE_LOADER = "$(TEST_HOST)";
				CODE_SIGN_STYLE = Automatic;
				CURRENT_PROJECT_VERSION = 1;
				GENERATE_INFOPLIST_FILE = YES;
				IPHONEOS_DEPLOYMENT_TARGET = 15.5;
				MARKETING_VERSION = 1.0;
				PRODUCT_BUNDLE_IDENTIFIER = de.hinzclaudio.TravelWeatherTests;
				PRODUCT_NAME = "$(TARGET_NAME)";
				SWIFT_EMIT_LOC_STRINGS = NO;
				SWIFT_VERSION = 5.0;
				TARGETED_DEVICE_FAMILY = "1,2";
				TEST_HOST = "$(BUILT_PRODUCTS_DIR)/TravelWeather.app/TravelWeather";
			};
			name = Release;
		};
		12E063C9289C5422007B09BE /* Debug */ = {
			isa = XCBuildConfiguration;
			baseConfigurationReference = C58011BB187E34E966F39A3C /* Pods-TravelWeather-TravelWeatherUITests.debug.xcconfig */;
			buildSettings = {
				ALWAYS_EMBED_SWIFT_STANDARD_LIBRARIES = "$(inherited)";
				CODE_SIGN_STYLE = Automatic;
				CURRENT_PROJECT_VERSION = 1;
				GENERATE_INFOPLIST_FILE = YES;
				MARKETING_VERSION = 1.0;
				PRODUCT_BUNDLE_IDENTIFIER = de.hinzclaudio.TravelWeatherUITests;
				PRODUCT_NAME = "$(TARGET_NAME)";
				SWIFT_EMIT_LOC_STRINGS = NO;
				SWIFT_VERSION = 5.0;
				TARGETED_DEVICE_FAMILY = "1,2";
				TEST_TARGET_NAME = TravelWeather;
			};
			name = Debug;
		};
		12E063CA289C5422007B09BE /* Release */ = {
			isa = XCBuildConfiguration;
			baseConfigurationReference = 459FD75C035C2DF8060F39B2 /* Pods-TravelWeather-TravelWeatherUITests.release.xcconfig */;
			buildSettings = {
				ALWAYS_EMBED_SWIFT_STANDARD_LIBRARIES = "$(inherited)";
				CODE_SIGN_STYLE = Automatic;
				CURRENT_PROJECT_VERSION = 1;
				GENERATE_INFOPLIST_FILE = YES;
				MARKETING_VERSION = 1.0;
				PRODUCT_BUNDLE_IDENTIFIER = de.hinzclaudio.TravelWeatherUITests;
				PRODUCT_NAME = "$(TARGET_NAME)";
				SWIFT_EMIT_LOC_STRINGS = NO;
				SWIFT_VERSION = 5.0;
				TARGETED_DEVICE_FAMILY = "1,2";
				TEST_TARGET_NAME = TravelWeather;
			};
			name = Release;
		};
/* End XCBuildConfiguration section */

/* Begin XCConfigurationList section */
		12E06390289C541F007B09BE /* Build configuration list for PBXProject "TravelWeather" */ = {
			isa = XCConfigurationList;
			buildConfigurations = (
				12E063C0289C5422007B09BE /* Debug */,
				12E063C1289C5422007B09BE /* Release */,
			);
			defaultConfigurationIsVisible = 0;
			defaultConfigurationName = Release;
		};
		12E063C2289C5422007B09BE /* Build configuration list for PBXNativeTarget "TravelWeather" */ = {
			isa = XCConfigurationList;
			buildConfigurations = (
				12E063C3289C5422007B09BE /* Debug */,
				12E063C4289C5422007B09BE /* Release */,
			);
			defaultConfigurationIsVisible = 0;
			defaultConfigurationName = Release;
		};
		12E063C5289C5422007B09BE /* Build configuration list for PBXNativeTarget "TravelWeatherTests" */ = {
			isa = XCConfigurationList;
			buildConfigurations = (
				12E063C6289C5422007B09BE /* Debug */,
				12E063C7289C5422007B09BE /* Release */,
			);
			defaultConfigurationIsVisible = 0;
			defaultConfigurationName = Release;
		};
		12E063C8289C5422007B09BE /* Build configuration list for PBXNativeTarget "TravelWeatherUITests" */ = {
			isa = XCConfigurationList;
			buildConfigurations = (
				12E063C9289C5422007B09BE /* Debug */,
				12E063CA289C5422007B09BE /* Release */,
			);
			defaultConfigurationIsVisible = 0;
			defaultConfigurationName = Release;
		};
/* End XCConfigurationList section */

/* Begin XCVersionGroup section */
		12E063A1289C541F007B09BE /* TravelWeather.xcdatamodeld */ = {
			isa = XCVersionGroup;
			children = (
				12E063A2289C541F007B09BE /* TravelWeather.xcdatamodel */,
			);
			currentVersion = 12E063A2289C541F007B09BE /* TravelWeather.xcdatamodel */;
			path = TravelWeather.xcdatamodeld;
			sourceTree = "<group>";
			versionGroupType = wrapper.xcdatamodel;
		};
/* End XCVersionGroup section */
	};
	rootObject = 12E0638D289C541F007B09BE /* Project object */;
}
